version = 1
revision = 3
requires-python = ">=3.9, <3.13"

[[package]]
name = "monocuco-cli"
version = "0.1.0"
source = { virtual = "." }
dependencies = [
    { name = "pyarrow" },
    { name = "pyarrow-stubs" },
]

[package.metadata]
requires-dist = [
    { name = "pyarrow", specifier = ">=16,<19" },
    { name = "pyarrow-stubs", specifier = ">=17.19" },
]

[[package]]
name = "pyarrow"
version = "18.1.0"
source = { registry = "https://pypi.org/simple" }
sdist = { url = "https://files.pythonhosted.org/packages/7f/7b/640785a9062bb00314caa8a387abce547d2a420cf09bd6c715fe659ccffb/pyarrow-18.1.0.tar.gz", hash = "sha256:9386d3ca9c145b5539a1cfc75df07757dff870168c959b473a0bccbc3abc8c73", size = 1118671, upload-time = "2024-11-26T02:01:48.62Z" }
wheels = [
    { url = "https://files.pythonhosted.org/packages/1a/bb/8d4a1573f66e0684f190dd2b55fd0b97a7214de8882d58a3867e777bf640/pyarrow-18.1.0-cp310-cp310-macosx_12_0_arm64.whl", hash = "sha256:e21488d5cfd3d8b500b3238a6c4b075efabc18f0f6d80b29239737ebd69caa6c", size = 29531620, upload-time = "2024-11-26T01:58:27.03Z" },
    { url = "https://files.pythonhosted.org/packages/30/90/893acfad917533b624a97b9e498c0e8393908508a0a72d624fe935e632bf/pyarrow-18.1.0-cp310-cp310-macosx_12_0_x86_64.whl", hash = "sha256:b516dad76f258a702f7ca0250885fc93d1fa5ac13ad51258e39d402bd9e2e1e4", size = 30836521, upload-time = "2024-11-26T01:58:34.607Z" },
    { url = "https://files.pythonhosted.org/packages/a3/2a/526545a7464b5fb2fa6e2c4bad16ca90e59e1843025c534fd907b7f73e5a/pyarrow-18.1.0-cp310-cp310-manylinux_2_17_aarch64.manylinux2014_aarch64.whl", hash = "sha256:4f443122c8e31f4c9199cb23dca29ab9427cef990f283f80fe15b8e124bcc49b", size = 39213905, upload-time = "2024-11-26T01:58:40.558Z" },
    { url = "https://files.pythonhosted.org/packages/8a/77/4b3fab91a30e19e233e738d0c5eca5a8f6dd05758bc349a2ca262c65de79/pyarrow-18.1.0-cp310-cp310-manylinux_2_17_x86_64.manylinux2014_x86_64.whl", hash = "sha256:c0a03da7f2758645d17b7b4f83c8bffeae5bbb7f974523fe901f36288d2eab71", size = 40128881, upload-time = "2024-11-26T01:58:45.561Z" },
    { url = "https://files.pythonhosted.org/packages/aa/e2/a88e16c5e45e562449c52305bd3bc2f9d704295322d3434656e7ccac1444/pyarrow-18.1.0-cp310-cp310-manylinux_2_28_aarch64.whl", hash = "sha256:ba17845efe3aa358ec266cf9cc2800fa73038211fb27968bfa88acd09261a470", size = 38627517, upload-time = "2024-11-26T01:58:50.922Z" },
    { url = "https://files.pythonhosted.org/packages/6d/84/8037c20005ccc7b869726465be0957bd9c29cfc88612962030f08292ad06/pyarrow-18.1.0-cp310-cp310-manylinux_2_28_x86_64.whl", hash = "sha256:3c35813c11a059056a22a3bef520461310f2f7eea5c8a11ef9de7062a23f8d56", size = 40060187, upload-time = "2024-11-26T01:58:56.848Z" },
    { url = "https://files.pythonhosted.org/packages/2a/38/d6435c723ff73df8ae74626ea778262fbcc2b9b0d1a4f3db915b61711b05/pyarrow-18.1.0-cp310-cp310-win_amd64.whl", hash = "sha256:9736ba3c85129d72aefa21b4f3bd715bc4190fe4426715abfff90481e7d00812", size = 25118314, upload-time = "2024-11-26T01:59:02.303Z" },
    { url = "https://files.pythonhosted.org/packages/9e/4d/a4988e7d82f4fbc797715db4185939a658eeffb07a25bab7262bed1ea076/pyarrow-18.1.0-cp311-cp311-macosx_12_0_arm64.whl", hash = "sha256:eaeabf638408de2772ce3d7793b2668d4bb93807deed1725413b70e3156a7854", size = 29554860, upload-time = "2024-11-26T01:59:06.94Z" },
    { url = "https://files.pythonhosted.org/packages/59/03/3a42c5c1e4bd4c900ab62aa1ff6b472bdb159ba8f1c3e5deadab7222244f/pyarrow-18.1.0-cp311-cp311-macosx_12_0_x86_64.whl", hash = "sha256:3b2e2239339c538f3464308fd345113f886ad031ef8266c6f004d49769bb074c", size = 30867076, upload-time = "2024-11-26T01:59:11.475Z" },
    { url = "https://files.pythonhosted.org/packages/75/7e/332055ac913373e89256dce9d14b7708f55f7bd5be631456c897f0237738/pyarrow-18.1.0-cp311-cp311-manylinux_2_17_aarch64.manylinux2014_aarch64.whl", hash = "sha256:f39a2e0ed32a0970e4e46c262753417a60c43a3246972cfc2d3eb85aedd01b21", size = 39212135, upload-time = "2024-11-26T01:59:16.045Z" },
    { url = "https://files.pythonhosted.org/packages/8c/64/5099cdb325828722ef7ffeba9a4696f238eb0cdeae227f831c2d77fcf1bd/pyarrow-18.1.0-cp311-cp311-manylinux_2_17_x86_64.manylinux2014_x86_64.whl", hash = "sha256:e31e9417ba9c42627574bdbfeada7217ad8a4cbbe45b9d6bdd4b62abbca4c6f6", size = 40125195, upload-time = "2024-11-26T01:59:21.267Z" },
    { url = "https://files.pythonhosted.org/packages/83/88/1938d783727db1b178ff71bc6a6143d7939e406db83a9ec23cad3dad325c/pyarrow-18.1.0-cp311-cp311-manylinux_2_28_aarch64.whl", hash = "sha256:01c034b576ce0eef554f7c3d8c341714954be9b3f5d5bc7117006b85fcf302fe", size = 38641884, upload-time = "2024-11-26T01:59:26.672Z" },
    { url = "https://files.pythonhosted.org/packages/5e/b5/9e14e9f7590e0eaa435ecea84dabb137284a4dbba7b3c337b58b65b76d95/pyarrow-18.1.0-cp311-cp311-manylinux_2_28_x86_64.whl", hash = "sha256:f266a2c0fc31995a06ebd30bcfdb7f615d7278035ec5b1cd71c48d56daaf30b0", size = 40076877, upload-time = "2024-11-26T01:59:31.926Z" },
    { url = "https://files.pythonhosted.org/packages/4d/a3/817ac7fe0891a2d66e247e223080f3a6a262d8aefd77e11e8c27e6acf4e1/pyarrow-18.1.0-cp311-cp311-win_amd64.whl", hash = "sha256:d4f13eee18433f99adefaeb7e01d83b59f73360c231d4782d9ddfaf1c3fbde0a", size = 25119811, upload-time = "2024-11-26T01:59:35.669Z" },
    { url = "https://files.pythonhosted.org/packages/6a/50/12829e7111b932581e51dda51d5cb39207a056c30fe31ef43f14c63c4d7e/pyarrow-18.1.0-cp312-cp312-macosx_12_0_arm64.whl", hash = "sha256:9f3a76670b263dc41d0ae877f09124ab96ce10e4e48f3e3e4257273cee61ad0d", size = 29514620, upload-time = "2024-11-26T01:59:39.797Z" },
    { url = "https://files.pythonhosted.org/packages/d1/41/468c944eab157702e96abab3d07b48b8424927d4933541ab43788bb6964d/pyarrow-18.1.0-cp312-cp312-macosx_12_0_x86_64.whl", hash = "sha256:da31fbca07c435be88a0c321402c4e31a2ba61593ec7473630769de8346b54ee", size = 30856494, upload-time = "2024-11-26T01:59:44.725Z" },
    { url = "https://files.pythonhosted.org/packages/68/f9/29fb659b390312a7345aeb858a9d9c157552a8852522f2c8bad437c29c0a/pyarrow-18.1.0-cp312-cp312-manylinux_2_17_aarch64.manylinux2014_aarch64.whl", hash = "sha256:543ad8459bc438efc46d29a759e1079436290bd583141384c6f7a1068ed6f992", size = 39203624, upload-time = "2024-11-26T01:59:49.189Z" },
    { url = "https://files.pythonhosted.org/packages/6e/f6/19360dae44200e35753c5c2889dc478154cd78e61b1f738514c9f131734d/pyarrow-18.1.0-cp312-cp312-manylinux_2_17_x86_64.manylinux2014_x86_64.whl", hash = "sha256:0743e503c55be0fdb5c08e7d44853da27f19dc854531c0570f9f394ec9671d54", size = 40139341, upload-time = "2024-11-26T01:59:54.849Z" },
    { url = "https://files.pythonhosted.org/packages/bb/e6/9b3afbbcf10cc724312e824af94a2e993d8ace22994d823f5c35324cebf5/pyarrow-18.1.0-cp312-cp312-manylinux_2_28_aarch64.whl", hash = "sha256:d4b3d2a34780645bed6414e22dda55a92e0fcd1b8a637fba86800ad737057e33", size = 38618629, upload-time = "2024-11-26T01:59:59.966Z" },
    { url = "https://files.pythonhosted.org/packages/3a/2e/3b99f8a3d9e0ccae0e961978a0d0089b25fb46ebbcfb5ebae3cca179a5b3/pyarrow-18.1.0-cp312-cp312-manylinux_2_28_x86_64.whl", hash = "sha256:c52f81aa6f6575058d8e2c782bf79d4f9fdc89887f16825ec3a66607a5dd8e30", size = 40078661, upload-time = "2024-11-26T02:00:04.55Z" },
    { url = "https://files.pythonhosted.org/packages/76/52/f8da04195000099d394012b8d42c503d7041b79f778d854f410e5f05049a/pyarrow-18.1.0-cp312-cp312-win_amd64.whl", hash = "sha256:0ad4892617e1a6c7a551cfc827e072a633eaff758fa09f21c4ee548c30bcaf99", size = 25092330, upload-time = "2024-11-26T02:00:09.576Z" },
    { url = "https://files.pythonhosted.org/packages/fd/9b/60516e3876ec6f25b0909afa70f90a15de83b48c7c0d8042fac4e64c4411/pyarrow-18.1.0-cp39-cp39-macosx_12_0_arm64.whl", hash = "sha256:0b331e477e40f07238adc7ba7469c36b908f07c89b95dd4bd3a0ec84a3d1e21e", size = 29543752, upload-time = "2024-11-26T02:01:17.179Z" },
    { url = "https://files.pythonhosted.org/packages/14/a7/bd08b6f1a2bd2e71dc6bb0451fc1872607e44c83daf1ee63c82764a2d233/pyarrow-18.1.0-cp39-cp39-macosx_12_0_x86_64.whl", hash = "sha256:2c4dd0c9010a25ba03e198fe743b1cc03cd33c08190afff371749c52ccbbaf76", size = 30850753, upload-time = "2024-11-26T02:01:21.374Z" },
    { url = "https://files.pythonhosted.org/packages/84/c9/62ef9c6281c0e5b4ee1afa9d7bd556e72e06da6706b7906c32c15e69b3d6/pyarrow-18.1.0-cp39-cp39-manylinux_2_17_aarch64.manylinux2014_aarch64.whl", hash = "sha256:4f97b31b4c4e21ff58c6f330235ff893cc81e23da081b1a4b1c982075e0ed4e9", size = 39226870, upload-time = "2024-11-26T02:01:25.533Z" },
    { url = "https://files.pythonhosted.org/packages/b2/99/a6e89e71655a38475e76b060777c8bf69c078b772bec3b7daf7361440f05/pyarrow-18.1.0-cp39-cp39-manylinux_2_17_x86_64.manylinux2014_x86_64.whl", hash = "sha256:4a4813cb8ecf1809871fd2d64a8eff740a1bd3691bbe55f01a3cf6c5ec869754", size = 40139114, upload-time = "2024-11-26T02:01:31.317Z" },
    { url = "https://files.pythonhosted.org/packages/64/a9/06d79923890682e4fe7a16524abee307407008a413115354aaf3226b8410/pyarrow-18.1.0-cp39-cp39-manylinux_2_28_aarch64.whl", hash = "sha256:05a5636ec3eb5cc2a36c6edb534a38ef57b2ab127292a716d00eabb887835f1e", size = 38639231, upload-time = "2024-11-26T02:01:36.734Z" },
    { url = "https://files.pythonhosted.org/packages/3b/8c/4c3ed19026a00740b81fe1c87f3ff235b2763a0a1ddf5711a9d026b775ce/pyarrow-18.1.0-cp39-cp39-manylinux_2_28_x86_64.whl", hash = "sha256:73eeed32e724ea3568bb06161cad5fa7751e45bc2228e33dcb10c614044165c7", size = 40070949, upload-time = "2024-11-26T02:01:41.703Z" },
    { url = "https://files.pythonhosted.org/packages/87/d8/94161a7ca5c55199484e926165e9e33f318ea1d1b0d7cdbcbc3652b933ec/pyarrow-18.1.0-cp39-cp39-win_amd64.whl", hash = "sha256:a1880dd6772b685e803011a6b43a230c23b566859a6e0c9a276c1e0faf4f4052", size = 25301373, upload-time = "2024-11-26T02:01:46.244Z" },
]

[[package]]
name = "pyarrow-stubs"
version = "17.19"
source = { registry = "https://pypi.org/simple" }
dependencies = [
    { name = "pyarrow" },
]
sdist = { url = "https://files.pythonhosted.org/packages/7b/a7/fc696ec6905698853821ea20b9b46fc1b0a8ddee7a17cda2638c03ac9d8d/pyarrow_stubs-17.19.tar.gz", hash = "sha256:45af6b05ebb2c84352a111c54063db1be8bf54274b8af709c7f1c034e8d84527", size = 83675, upload-time = "2025-03-17T14:15:38.581Z" }
wheels = [
    { url = "https://files.pythonhosted.org/packages/06/46/985eae0eb798a749ed774f4211dfa3d06fd29d297a68e247000b33f504fc/pyarrow_stubs-17.19-py3-none-any.whl", hash = "sha256:9909adfbcb1356e859d5e57967d60a13e59030ea223acbcc8693ec4683982403", size = 80170, upload-time = "2025-03-17T14:15:37.091Z" },
]
